<?xml version="1.0" encoding="utf-8"?>
<Project ToolsVersion="4.0" xmlns="http://schemas.microsoft.com/developer/msbuild/2003">
  <ItemGroup>
    <Filter Include="PixelForge">
      <UniqueIdentifier>{7AFCB95E-66B4-FBAB-CFBB-D407BB92969C}</UniqueIdentifier>
    </Filter>
    <Filter Include="PixelForge\Events">
      <UniqueIdentifier>{1E9BFBA4-8AB1-F93A-D328-855C3F7ECAC2}</UniqueIdentifier>
    </Filter>
  </ItemGroup>
  <ItemGroup>
    <ClInclude Include="src\PixelForge.h" />
    <ClInclude Include="src\PixelForge\Application.h">
      <Filter>PixelForge</Filter>
    </ClInclude>
    <ClInclude Include="src\PixelForge\Core.h">
      <Filter>PixelForge</Filter>
    </ClInclude>
    <ClInclude Include="src\PixelForge\EntryPoint.h">
      <Filter>PixelForge</Filter>
    </ClInclude>
    <ClInclude Include="src\PixelForge\Events\ApplicationEvent.h">
      <Filter>PixelForge\Events</Filter>
    </ClInclude>
    <ClInclude Include="src\PixelForge\Events\Event.h">
      <Filter>PixelForge\Events</Filter>
    </ClInclude>
    <ClInclude Include="src\PixelForge\Events\KeyEvent.h">
      <Filter>PixelForge\Events</Filter>
    </ClInclude>
    <ClInclude Include="src\PixelForge\Events\MouseEvent.h">
      <Filter>PixelForge\Events</Filter>
    </ClInclude>
    <ClInclude Include="src\PixelForge\Log.h">
      <Filter>PixelForge</Filter>
    </ClInclude>
  </ItemGroup>
  <ItemGroup>
    <ClCompile Include="src\PixelForge\Application.cpp">
      <Filter>PixelForge</Filter>
    </ClCompile>
    <ClCompile Include="src\PixelForge\Log.cpp">
      <Filter>PixelForge</Filter>
    </ClCompile>
  </ItemGroup>
</Project>